
Microsoft Visual Studio Solution File, Format Version 12.00
# Visual Studio Version 16
VisualStudioVersion = 16.0.31402.337
MinimumVisualStudioVersion = 10.0.40219.1
Project("{FAE04EC0-301F-11D3-BF4B-00C04F79EFBC}") = "ConsoleApp30", "ConsoleApp30\ConsoleApp30.csproj", "{63D1DD38-1544-493F-80CD-51D19965AA82}"
EndProject
Global
	GlobalSection(SolutionConfigurationPlatforms) = preSolution
		Debug|Any CPU = Debug|Any CPU
		Release|Any CPU = Release|Any CPU
	EndGlobalSection
	GlobalSection(ProjectConfigurationPlatforms) = postSolution
		{63D1DD38-1544-493F-80CD-51D19965AA82}.Debug|Any CPU.ActiveCfg = Debug|Any CPU
		{63D1DD38-1544-493F-80CD-51D19965AA82}.Debug|Any CPU.Build.0 = Debug|Any CPU
		{63D1DD38-1544-493F-80CD-51D19965AA82}.Release|Any CPU.ActiveCfg = Release|Any CPU
		{63D1DD38-1544-493F-80CD-51D19965AA82}.Release|Any CPU.Build.0 = Release|Any CPU
	EndGlobalSection
	GlobalSection(SolutionProperties) = preSolution
		HideSolutionNode = FALSE
	EndGlobalSection
	GlobalSection(ExtensibilityGlobals) = postSolution
		SolutionGuid = {04DAB3E4-146D-40B2-BE3B-9403C3795BE8}
	EndGlobalSection
EndGlobal
